// !$*UTF8*$!
{
	archiveVersion = 1;
	classes = {
	};
	objectVersion = 56;
	objects = {

/* Begin PBXBuildFile section */
		BE0FD6CD2AC5CC7600F425C6 /* AppDelegate.swift in Sources */ = {isa = PBXBuildFile; fileRef = BE0FD6CC2AC5CC7600F425C6 /* AppDelegate.swift */; };
		BE0FD6CF2AC5CC7600F425C6 /* SceneDelegate.swift in Sources */ = {isa = PBXBuildFile; fileRef = BE0FD6CE2AC5CC7600F425C6 /* SceneDelegate.swift */; };
		BE0FD6D12AC5CC7600F425C6 /* ViewController.swift in Sources */ = {isa = PBXBuildFile; fileRef = BE0FD6D02AC5CC7600F425C6 /* ViewController.swift */; };
		BE0FD6D42AC5CC7600F425C6 /* Main.storyboard in Resources */ = {isa = PBXBuildFile; fileRef = BE0FD6D22AC5CC7600F425C6 /* Main.storyboard */; };
		BE0FD6D62AC5CC7700F425C6 /* Assets.xcassets in Resources */ = {isa = PBXBuildFile; fileRef = BE0FD6D52AC5CC7700F425C6 /* Assets.xcassets */; };
		BE0FD6D92AC5CC7700F425C6 /* LaunchScreen.storyboard in Resources */ = {isa = PBXBuildFile; fileRef = BE0FD6D72AC5CC7700F425C6 /* LaunchScreen.storyboard */; };
		BE0FD6E42AC5CC7700F425C6 /* IP04_Magic8BallTests.swift in Sources */ = {isa = PBXBuildFile; fileRef = BE0FD6E32AC5CC7700F425C6 /* IP04_Magic8BallTests.swift */; };
		BE0FD6EE2AC5CC7700F425C6 /* IP04_Magic8BallUITests.swift in Sources */ = {isa = PBXBuildFile; fileRef = BE0FD6ED2AC5CC7700F425C6 /* IP04_Magic8BallUITests.swift */; };
		BE0FD6F02AC5CC7700F425C6 /* IP04_Magic8BallUITestsLaunchTests.swift in Sources */ = {isa = PBXBuildFile; fileRef = BE0FD6EF2AC5CC7700F425C6 /* IP04_Magic8BallUITestsLaunchTests.swift */; };
/* End PBXBuildFile section */

/* Begin PBXContainerItemProxy section */
		BE0FD6E02AC5CC7700F425C6 /* PBXContainerItemProxy */ = {
			isa = PBXContainerItemProxy;
			containerPortal = BE0FD6C12AC5CC7600F425C6 /* Project object */;
			proxyType = 1;
			remoteGlobalIDString = BE0FD6C82AC5CC7600F425C6;
			remoteInfo = "IP04-Magic8Ball";
		};
		BE0FD6EA2AC5CC7700F425C6 /* PBXContainerItemProxy */ = {
			isa = PBXContainerItemProxy;
			containerPortal = BE0FD6C12AC5CC7600F425C6 /* Project object */;
			proxyType = 1;
			remoteGlobalIDString = BE0FD6C82AC5CC7600F425C6;
			remoteInfo = "IP04-Magic8Ball";
		};
/* End PBXContainerItemProxy section */

/* Begin PBXFileReference section */
		BE0FD6C92AC5CC7600F425C6 /* IP04-Magic8Ball.app */ = {isa = PBXFileReference; explicitFileType = wrapper.application; includeInIndex = 0; path = "IP04-Magic8Ball.app"; sourceTree = BUILT_PRODUCTS_DIR; };
		BE0FD6CC2AC5CC7600F425C6 /* AppDelegate.swift */ = {isa = PBXFileReference; lastKnownFileType = sourcecode.swift; path = AppDelegate.swift; sourceTree = "<group>"; };
		BE0FD6CE2AC5CC7600F425C6 /* SceneDelegate.swift */ = {isa = PBXFileReference; lastKnownFileType = sourcecode.swift; path = SceneDelegate.swift; sourceTree = "<group>"; };
		BE0FD6D02AC5CC7600F425C6 /* ViewController.swift */ = {isa = PBXFileReference; lastKnownFileType = sourcecode.swift; path = ViewController.swift; sourceTree = "<group>"; };
		BE0FD6D32AC5CC7600F425C6 /* Base */ = {isa = PBXFileReference; lastKnownFileType = file.storyboard; name = Base; path = Base.lproj/Main.storyboard; sourceTree = "<group>"; };
		BE0FD6D52AC5CC7700F425C6 /* Assets.xcassets */ = {isa = PBXFileReference; lastKnownFileType = folder.assetcatalog; path = Assets.xcassets; sourceTree = "<group>"; };
		BE0FD6D82AC5CC7700F425C6 /* Base */ = {isa = PBXFileReference; lastKnownFileType = file.storyboard; name = Base; path = Base.lproj/LaunchScreen.storyboard; sourceTree = "<group>"; };
		BE0FD6DA2AC5CC7700F425C6 /* Info.plist */ = {isa = PBXFileReference; lastKnownFileType = text.plist.xml; path = Info.plist; sourceTree = "<group>"; };
		BE0FD6DF2AC5CC7700F425C6 /* IP04-Magic8BallTests.xctest */ = {isa = PBXFileReference; explicitFileType = wrapper.cfbundle; includeInIndex = 0; path = "IP04-Magic8BallTests.xctest"; sourceTree = BUILT_PRODUCTS_DIR; };
		BE0FD6E32AC5CC7700F425C6 /* IP04_Magic8BallTests.swift */ = {isa = PBXFileReference; lastKnownFileType = sourcecode.swift; path = IP04_Magic8BallTests.swift; sourceTree = "<group>"; };
		BE0FD6E92AC5CC7700F425C6 /* IP04-Magic8BallUITests.xctest */ = {isa = PBXFileReference; explicitFileType = wrapper.cfbundle; includeInIndex = 0; path = "IP04-Magic8BallUITests.xctest"; sourceTree = BUILT_PRODUCTS_DIR; };
		BE0FD6ED2AC5CC7700F425C6 /* IP04_Magic8BallUITests.swift */ = {isa = PBXFileReference; lastKnownFileType = sourcecode.swift; path = IP04_Magic8BallUITests.swift; sourceTree = "<group>"; };
		BE0FD6EF2AC5CC7700F425C6 /* IP04_Magic8BallUITestsLaunchTests.swift */ = {isa = PBXFileReference; lastKnownFileType = sourcecode.swift; path = IP04_Magic8BallUITestsLaunchTests.swift; sourceTree = "<group>"; };
/* End PBXFileReference section */

/* Begin PBXFrameworksBuildPhase section */
		BE0FD6C62AC5CC7600F425C6 /* Frameworks */ = {
			isa = PBXFrameworksBuildPhase;
			buildActionMask = 2147483647;
			files = (
			);
			runOnlyForDeploymentPostprocessing = 0;
		};
		BE0FD6DC2AC5CC7700F425C6 /* Frameworks */ = {
			isa = PBXFrameworksBuildPhase;
			buildActionMask = 2147483647;
			files = (
			);
			runOnlyForDeploymentPostprocessing = 0;
		};
		BE0FD6E62AC5CC7700F425C6 /* Frameworks */ = {
			isa = PBXFrameworksBuildPhase;
			buildActionMask = 2147483647;
			files = (
			);
			runOnlyForDeploymentPostprocessing = 0;
		};
/* End PBXFrameworksBuildPhase section */

/* Begin PBXGroup section */
		BE0FD6C02AC5CC7600F425C6 = {
			isa = PBXGroup;
			children = (
				BE0FD6CB2AC5CC7600F425C6 /* IP04-Magic8Ball */,
				BE0FD6E22AC5CC7700F425C6 /* IP04-Magic8BallTests */,
				BE0FD6EC2AC5CC7700F425C6 /* IP04-Magic8BallUITests */,
				BE0FD6CA2AC5CC7600F425C6 /* Products */,
			);
			sourceTree = "<group>";
		};
		BE0FD6CA2AC5CC7600F425C6 /* Products */ = {
			isa = PBXGroup;
			children = (
				BE0FD6C92AC5CC7600F425C6 /* IP04-Magic8Ball.app */,
				BE0FD6DF2AC5CC7700F425C6 /* IP04-Magic8BallTests.xctest */,
				BE0FD6E92AC5CC7700F425C6 /* IP04-Magic8BallUITests.xctest */,
			);
			name = Products;
			sourceTree = "<group>";
		};
		BE0FD6CB2AC5CC7600F425C6 /* IP04-Magic8Ball */ = {
			isa = PBXGroup;
			children = (
				BE0FD6CC2AC5CC7600F425C6 /* AppDelegate.swift */,
				BE0FD6CE2AC5CC7600F425C6 /* SceneDelegate.swift */,
				BE0FD6D02AC5CC7600F425C6 /* ViewController.swift */,
				BE0FD6D22AC5CC7600F425C6 /* Main.storyboard */,
				BE0FD6D52AC5CC7700F425C6 /* Assets.xcassets */,
				BE0FD6D72AC5CC7700F425C6 /* LaunchScreen.storyboard */,
				BE0FD6DA2AC5CC7700F425C6 /* Info.plist */,
			);
			path = "IP04-Magic8Ball";
			sourceTree = "<group>";
		};
		BE0FD6E22AC5CC7700F425C6 /* IP04-Magic8BallTests */ = {
			isa = PBXGroup;
			children = (
				BE0FD6E32AC5CC7700F425C6 /* IP04_Magic8BallTests.swift */,
			);
			path = "IP04-Magic8BallTests";
			sourceTree = "<group>";
		};
		BE0FD6EC2AC5CC7700F425C6 /* IP04-Magic8BallUITests */ = {
			isa = PBXGroup;
			children = (
				BE0FD6ED2AC5CC7700F425C6 /* IP04_Magic8BallUITests.swift */,
				BE0FD6EF2AC5CC7700F425C6 /* IP04_Magic8BallUITestsLaunchTests.swift */,
			);
			path = "IP04-Magic8BallUITests";
			sourceTree = "<group>";
		};
/* End PBXGroup section */

/* Begin PBXNativeTarget section */
		BE0FD6C82AC5CC7600F425C6 /* IP04-Magic8Ball */ = {
			isa = PBXNativeTarget;
			buildConfigurationList = BE0FD6F32AC5CC7700F425C6 /* Build configuration list for PBXNativeTarget "IP04-Magic8Ball" */;
			buildPhases = (
				BE0FD6C52AC5CC7600F425C6 /* Sources */,
				BE0FD6C62AC5CC7600F425C6 /* Frameworks */,
				BE0FD6C72AC5CC7600F425C6 /* Resources */,
			);
			buildRules = (
			);
			dependencies = (
			);
			name = "IP04-Magic8Ball";
			productName = "IP04-Magic8Ball";
			productReference = BE0FD6C92AC5CC7600F425C6 /* IP04-Magic8Ball.app */;
			productType = "com.apple.product-type.application";
		};
		BE0FD6DE2AC5CC7700F425C6 /* IP04-Magic8BallTests */ = {
			isa = PBXNativeTarget;
			buildConfigurationList = BE0FD6F62AC5CC7700F425C6 /* Build configuration list for PBXNativeTarget "IP04-Magic8BallTests" */;
			buildPhases = (
				BE0FD6DB2AC5CC7700F425C6 /* Sources */,
				BE0FD6DC2AC5CC7700F425C6 /* Frameworks */,
				BE0FD6DD2AC5CC7700F425C6 /* Resources */,
			);
			buildRules = (
			);
			dependencies = (
				BE0FD6E12AC5CC7700F425C6 /* PBXTargetDependency */,
			);
			name = "IP04-Magic8BallTests";
			productName = "IP04-Magic8BallTests";
			productReference = BE0FD6DF2AC5CC7700F425C6 /* IP04-Magic8BallTests.xctest */;
			productType = "com.apple.product-type.bundle.unit-test";
		};
		BE0FD6E82AC5CC7700F425C6 /* IP04-Magic8BallUITests */ = {
			isa = PBXNativeTarget;
			buildConfigurationList = BE0FD6F92AC5CC7700F425C6 /* Build configuration list for PBXNativeTarget "IP04-Magic8BallUITests" */;
			buildPhases = (
				BE0FD6E52AC5CC7700F425C6 /* Sources */,
				BE0FD6E62AC5CC7700F425C6 /* Frameworks */,
				BE0FD6E72AC5CC7700F425C6 /* Resources */,
			);
			buildRules = (
			);
			dependencies = (
				BE0FD6EB2AC5CC7700F425C6 /* PBXTargetDependency */,
			);
			name = "IP04-Magic8BallUITests";
			productName = "IP04-Magic8BallUITests";
			productReference = BE0FD6E92AC5CC7700F425C6 /* IP04-Magic8BallUITests.xctest */;
			productType = "com.apple.product-type.bundle.ui-testing";
		};
/* End PBXNativeTarget section */

/* Begin PBXProject section */
		BE0FD6C12AC5CC7600F425C6 /* Project object */ = {
			isa = PBXProject;
			attributes = {
				BuildIndependentTargetsInParallel = 1;
				LastSwiftUpdateCheck = 1430;
				LastUpgradeCheck = 1430;
				TargetAttributes = {
					BE0FD6C82AC5CC7600F425C6 = {
						CreatedOnToolsVersion = 14.3.1;
					};
					BE0FD6DE2AC5CC7700F425C6 = {
						CreatedOnToolsVersion = 14.3.1;
						TestTargetID = BE0FD6C82AC5CC7600F425C6;
					};
					BE0FD6E82AC5CC7700F425C6 = {
						CreatedOnToolsVersion = 14.3.1;
						TestTargetID = BE0FD6C82AC5CC7600F425C6;
					};
				};
			};
			buildConfigurationList = BE0FD6C42AC5CC7600F425C6 /* Build configuration list for PBXProject "IP04-Magic8Ball" */;
			compatibilityVersion = "Xcode 14.0";
			developmentRegion = en;
			hasScannedForEncodings = 0;
			knownRegions = (
				en,
				Base,
			);
			mainGroup = BE0FD6C02AC5CC7600F425C6;
			productRefGroup = BE0FD6CA2AC5CC7600F425C6 /* Products */;
			projectDirPath = "";
			projectRoot = "";
			targets = (
				BE0FD6C82AC5CC7600F425C6 /* IP04-Magic8Ball */,
				BE0FD6DE2AC5CC7700F425C6 /* IP04-Magic8BallTests */,
				BE0FD6E82AC5CC7700F425C6 /* IP04-Magic8BallUITests */,
			);
		};
/* End PBXProject section */

/* Begin PBXResourcesBuildPhase section */
		BE0FD6C72AC5CC7600F425C6 /* Resources */ = {
			isa = PBXResourcesBuildPhase;
			buildActionMask = 2147483647;
			files = (
				BE0FD6D92AC5CC7700F425C6 /* LaunchScreen.storyboard in Resources */,
				BE0FD6D62AC5CC7700F425C6 /* Assets.xcassets in Resources */,
				BE0FD6D42AC5CC7600F425C6 /* Main.storyboard in Resources */,
			);
			runOnlyForDeploymentPostprocessing = 0;
		};
		BE0FD6DD2AC5CC7700F425C6 /* Resources */ = {
			isa = PBXResourcesBuildPhase;
			buildActionMask = 2147483647;
			files = (
			);
			runOnlyForDeploymentPostprocessing = 0;
		};
		BE0FD6E72AC5CC7700F425C6 /* Resources */ = {
			isa = PBXResourcesBuildPhase;
			buildActionMask = 2147483647;
			files = (
			);
			runOnlyForDeploymentPostprocessing = 0;
		};
/* End PBXResourcesBuildPhase section */

/* Begin PBXSourcesBuildPhase section */
		BE0FD6C52AC5CC7600F425C6 /* Sources */ = {
			isa = PBXSourcesBuildPhase;
			buildActionMask = 2147483647;
			files = (
				BE0FD6D12AC5CC7600F425C6 /* ViewController.swift in Sources */,
				BE0FD6CD2AC5CC7600F425C6 /* AppDelegate.swift in Sources */,
				BE0FD6CF2AC5CC7600F425C6 /* SceneDelegate.swift in Sources */,
			);
			runOnlyForDeploymentPostprocessing = 0;
		};
		BE0FD6DB2AC5CC7700F425C6 /* Sources */ = {
			isa = PBXSourcesBuildPhase;
			buildActionMask = 2147483647;
			files = (
				BE0FD6E42AC5CC7700F425C6 /* IP04_Magic8BallTests.swift in Sources */,
			);
			runOnlyForDeploymentPostprocessing = 0;
		};
		BE0FD6E52AC5CC7700F425C6 /* Sources */ = {
			isa = PBXSourcesBuildPhase;
			buildActionMask = 2147483647;
			files = (
				BE0FD6EE2AC5CC7700F425C6 /* IP04_Magic8BallUITests.swift in Sources */,
				BE0FD6F02AC5CC7700F425C6 /* IP04_Magic8BallUITestsLaunchTests.swift in Sources */,
			);
			runOnlyForDeploymentPostprocessing = 0;
		};
/* End PBXSourcesBuildPhase section */

/* Begin PBXTargetDependency section */
		BE0FD6E12AC5CC7700F425C6 /* PBXTargetDependency */ = {
			isa = PBXTargetDependency;
			target = BE0FD6C82AC5CC7600F425C6 /* IP04-Magic8Ball */;
			targetProxy = BE0FD6E02AC5CC7700F425C6 /* PBXContainerItemProxy */;
		};
		BE0FD6EB2AC5CC7700F425C6 /* PBXTargetDependency */ = {
			isa = PBXTargetDependency;
			target = BE0FD6C82AC5CC7600F425C6 /* IP04-Magic8Ball */;
			targetProxy = BE0FD6EA2AC5CC7700F425C6 /* PBXContainerItemProxy */;
		};
/* End PBXTargetDependency section */

/* Begin PBXVariantGroup section */
		BE0FD6D22AC5CC7600F425C6 /* Main.storyboard */ = {
			isa = PBXVariantGroup;
			children = (
				BE0FD6D32AC5CC7600F425C6 /* Base */,
			);
			name = Main.storyboard;
			sourceTree = "<group>";
		};
		BE0FD6D72AC5CC7700F425C6 /* LaunchScreen.storyboard */ = {
			isa = PBXVariantGroup;
			children = (
				BE0FD6D82AC5CC7700F425C6 /* Base */,
			);
			name = LaunchScreen.storyboard;
			sourceTree = "<group>";
		};
/* End PBXVariantGroup section */

/* Begin XCBuildConfiguration section */
		BE0FD6F12AC5CC7700F425C6 /* Debug */ = {
			isa = XCBuildConfiguration;
			buildSettings = {
				ALWAYS_SEARCH_USER_PATHS = NO;
				CLANG_ANALYZER_NONNULL = YES;
				CLANG_ANALYZER_NUMBER_OBJECT_CONVERSION = YES_AGGRESSIVE;
				CLANG_CXX_LANGUAGE_STANDARD = "gnu++20";
				CLANG_ENABLE_MODULES = YES;
				CLANG_ENABLE_OBJC_ARC = YES;
				CLANG_ENABLE_OBJC_WEAK = YES;
				CLANG_WARN_BLOCK_CAPTURE_AUTORELEASING = YES;
				CLANG_WARN_BOOL_CONVERSION = YES;
				CLANG_WARN_COMMA = YES;
				CLANG_WARN_CONSTANT_CONVERSION = YES;
				CLANG_WARN_DEPRECATED_OBJC_IMPLEMENTATIONS = YES;
				CLANG_WARN_DIRECT_OBJC_ISA_USAGE = YES_ERROR;
				CLANG_WARN_DOCUMENTATION_COMMENTS = YES;
				CLANG_WARN_EMPTY_BODY = YES;
				CLANG_WARN_ENUM_CONVERSION = YES;
				CLANG_WARN_INFINITE_RECURSION = YES;
				CLANG_WARN_INT_CONVERSION = YES;
				CLANG_WARN_NON_LITERAL_NULL_CONVERSION = YES;
				CLANG_WARN_OBJC_IMPLICIT_RETAIN_SELF = YES;
				CLANG_WARN_OBJC_LITERAL_CONVERSION = YES;
				CLANG_WARN_OBJC_ROOT_CLASS = YES_ERROR;
				CLANG_WARN_QUOTED_INCLUDE_IN_FRAMEWORK_HEADER = YES;
				CLANG_WARN_RANGE_LOOP_ANALYSIS = YES;
				CLANG_WARN_STRICT_PROTOTYPES = YES;
				CLANG_WARN_SUSPICIOUS_MOVE = YES;
				CLANG_WARN_UNGUARDED_AVAILABILITY = YES_AGGRESSIVE;
				CLANG_WARN_UNREACHABLE_CODE = YES;
				CLANG_WARN__DUPLICATE_METHOD_MATCH = YES;
				COPY_PHASE_STRIP = NO;
				DEBUG_INFORMATION_FORMAT = dwarf;
				ENABLE_STRICT_OBJC_MSGSEND = YES;
				ENABLE_TESTABILITY = YES;
				GCC_C_LANGUAGE_STANDARD = gnu11;
				GCC_DYNAMIC_NO_PIC = NO;
				GCC_NO_COMMON_BLOCKS = YES;
				GCC_OPTIMIZATION_LEVEL = 0;
				GCC_PREPROCESSOR_DEFINITIONS = (
					"DEBUG=1",
					"$(inherited)",
				);
				GCC_WARN_64_TO_32_BIT_CONVERSION = YES;
				GCC_WARN_ABOUT_RETURN_TYPE = YES_ERROR;
				GCC_WARN_UNDECLARED_SELECTOR = YES;
				GCC_WARN_UNINITIALIZED_AUTOS = YES_AGGRESSIVE;
				GCC_WARN_UNUSED_FUNCTION = YES;
				GCC_WARN_UNUSED_VARIABLE = YES;
				IPHONEOS_DEPLOYMENT_TARGET = 16.4;
				MTL_ENABLE_DEBUG_INFO = INCLUDE_SOURCE;
				MTL_FAST_MATH = YES;
				ONLY_ACTIVE_ARCH = YES;
				SDKROOT = iphoneos;
				SWIFT_ACTIVE_COMPILATION_CONDITIONS = DEBUG;
				SWIFT_OPTIMIZATION_LEVEL = "-Onone";
			};
			name = Debug;
		};
		BE0FD6F22AC5CC7700F425C6 /* Release */ = {
			isa = XCBuildConfiguration;
			buildSettings = {
				ALWAYS_SEARCH_USER_PATHS = NO;
				CLANG_ANALYZER_NONNULL = YES;
				CLANG_ANALYZER_NUMBER_OBJECT_CONVERSION = YES_AGGRESSIVE;
				CLANG_CXX_LANGUAGE_STANDARD = "gnu++20";
				CLANG_ENABLE_MODULES = YES;
				CLANG_ENABLE_OBJC_ARC = YES;
				CLANG_ENABLE_OBJC_WEAK = YES;
				CLANG_WARN_BLOCK_CAPTURE_AUTORELEASING = YES;
				CLANG_WARN_BOOL_CONVERSION = YES;
				CLANG_WARN_COMMA = YES;
				CLANG_WARN_CONSTANT_CONVERSION = YES;
				CLANG_WARN_DEPRECATED_OBJC_IMPLEMENTATIONS = YES;
				CLANG_WARN_DIRECT_OBJC_ISA_USAGE = YES_ERROR;
				CLANG_WARN_DOCUMENTATION_COMMENTS = YES;
				CLANG_WARN_EMPTY_BODY = YES;
				CLANG_WARN_ENUM_CONVERSION = YES;
				CLANG_WARN_INFINITE_RECURSION = YES;
				CLANG_WARN_INT_CONVERSION = YES;
				CLANG_WARN_NON_LITERAL_NULL_CONVERSION = YES;
				CLANG_WARN_OBJC_IMPLICIT_RETAIN_SELF = YES;
				CLANG_WARN_OBJC_LITERAL_CONVERSION = YES;
				CLANG_WARN_OBJC_ROOT_CLASS = YES_ERROR;
				CLANG_WARN_QUOTED_INCLUDE_IN_FRAMEWORK_HEADER = YES;
				CLANG_WARN_RANGE_LOOP_ANALYSIS = YES;
				CLANG_WARN_STRICT_PROTOTYPES = YES;
				CLANG_WARN_SUSPICIOUS_MOVE = YES;
				CLANG_WARN_UNGUARDED_AVAILABILITY = YES_AGGRESSIVE;
				CLANG_WARN_UNREACHABLE_CODE = YES;
				CLANG_WARN__DUPLICATE_METHOD_MATCH = YES;
				COPY_PHASE_STRIP = NO;
				DEBUG_INFORMATION_FORMAT = "dwarf-with-dsym";
				ENABLE_NS_ASSERTIONS = NO;
				ENABLE_STRICT_OBJC_MSGSEND = YES;
				GCC_C_LANGUAGE_STANDARD = gnu11;
				GCC_NO_COMMON_BLOCKS = YES;
				GCC_WARN_64_TO_32_BIT_CONVERSION = YES;
				GCC_WARN_ABOUT_RETURN_TYPE = YES_ERROR;
				GCC_WARN_UNDECLARED_SELECTOR = YES;
				GCC_WARN_UNINITIALIZED_AUTOS = YES_AGGRESSIVE;
				GCC_WARN_UNUSED_FUNCTION = YES;
				GCC_WARN_UNUSED_VARIABLE = YES;
				IPHONEOS_DEPLOYMENT_TARGET = 16.4;
				MTL_ENABLE_DEBUG_INFO = NO;
				MTL_FAST_MATH = YES;
				SDKROOT = iphoneos;
				SWIFT_COMPILATION_MODE = wholemodule;
				SWIFT_OPTIMIZATION_LEVEL = "-O";
				VALIDATE_PRODUCT = YES;
			};
			name = Release;
		};
		BE0FD6F42AC5CC7700F425C6 /* Debug */ = {
			isa = XCBuildConfiguration;
			buildSettings = {
				ASSETCATALOG_COMPILER_APPICON_NAME = AppIcon;
				ASSETCATALOG_COMPILER_GLOBAL_ACCENT_COLOR_NAME = AccentColor;
				CODE_SIGN_STYLE = Automatic;
				CURRENT_PROJECT_VERSION = 1;
				GENERATE_INFOPLIST_FILE = YES;
				INFOPLIST_FILE = "IP04-Magic8Ball/Info.plist";
				INFOPLIST_KEY_UIApplicationSupportsIndirectInputEvents = YES;
				INFOPLIST_KEY_UILaunchStoryboardName = LaunchScreen;
				INFOPLIST_KEY_UIMainStoryboardFile = Main;
				INFOPLIST_KEY_UISupportedInterfaceOrientations_iPad = "UIInterfaceOrientationPortrait UIInterfaceOrientationPortraitUpsideDown UIInterfaceOrientationLandscapeLeft UIInterfaceOrientationLandscapeRight";
				INFOPLIST_KEY_UISupportedInterfaceOrientations_iPhone = "UIInterfaceOrientationPortrait UIInterfaceOrientationLandscapeLeft UIInterfaceOrientationLandscapeRight";
				LD_RUNPATH_SEARCH_PATHS = (
					"$(inherited)",
					"@executable_path/Frameworks",
				);
				MARKETING_VERSION = 1.0;
				PRODUCT_BUNDLE_IDENTIFIER = "MobileApps.IP04-Magic8Ball";
				PRODUCT_NAME = "$(TARGET_NAME)";
				SWIFT_EMIT_LOC_STRINGS = YES;
				SWIFT_VERSION = 5.0;
				TARGETED_DEVICE_FAMILY = "1,2";
			};
			name = Debug;
		};
		BE0FD6F52AC5CC7700F425C6 /* Release */ = {
			isa = XCBuildConfiguration;
			buildSettings = {
				ASSETCATALOG_COMPILER_APPICON_NAME = AppIcon;
				ASSETCATALOG_COMPILER_GLOBAL_ACCENT_COLOR_NAME = AccentColor;
				CODE_SIGN_STYLE = Automatic;
				CURRENT_PROJECT_VERSION = 1;
				GENERATE_INFOPLIST_FILE = YES;
				INFOPLIST_FILE = "IP04-Magic8Ball/Info.plist";
				INFOPLIST_KEY_UIApplicationSupportsIndirectInputEvents = YES;
				INFOPLIST_KEY_UILaunchStoryboardName = LaunchScreen;
				INFOPLIST_KEY_UIMainStoryboardFile = Main;
				INFOPLIST_KEY_UISupportedInterfaceOrientations_iPad = "UIInterfaceOrientationPortrait UIInterfaceOrientationPortraitUpsideDown UIInterfaceOrientationLandscapeLeft UIInterfaceOrientationLandscapeRight";
				INFOPLIST_KEY_UISupportedInterfaceOrientations_iPhone = "UIInterfaceOrientationPortrait UIInterfaceOrientationLandscapeLeft UIInterfaceOrientationLandscapeRight";
				LD_RUNPATH_SEARCH_PATHS = (
					"$(inherited)",
					"@executable_path/Frameworks",
				);
				MARKETING_VERSION = 1.0;
				PRODUCT_BUNDLE_IDENTIFIER = "MobileApps.IP04-Magic8Ball";
				PRODUCT_NAME = "$(TARGET_NAME)";
				SWIFT_EMIT_LOC_STRINGS = YES;
				SWIFT_VERSION = 5.0;
				TARGETED_DEVICE_FAMILY = "1,2";
			};
			name = Release;
		};
		BE0FD6F72AC5CC7700F425C6 /* Debug */ = {
			isa = XCBuildConfiguration;
			buildSettings = {
				ALWAYS_EMBED_SWIFT_STANDARD_LIBRARIES = YES;
				BUNDLE_LOADER = "$(TEST_HOST)";
				CODE_SIGN_STYLE = Automatic;
				CURRENT_PROJECT_VERSION = 1;
				GENERATE_INFOPLIST_FILE = YES;
				IPHONEOS_DEPLOYMENT_TARGET = 16.4;
				MARKETING_VERSION = 1.0;
				PRODUCT_BUNDLE_IDENTIFIER = "MobileApps.IP04-Magic8BallTests";
				PRODUCT_NAME = "$(TARGET_NAME)";
				SWIFT_EMIT_LOC_STRINGS = NO;
				SWIFT_VERSION = 5.0;
				TARGETED_DEVICE_FAMILY = "1,2";
				TEST_HOST = "$(BUILT_PRODUCTS_DIR)/IP04-Magic8Ball.app/$(BUNDLE_EXECUTABLE_FOLDER_PATH)/IP04-Magic8Ball";
			};
			name = Debug;
		};
		BE0FD6F82AC5CC7700F425C6 /* Release */ = {
			isa = XCBuildConfiguration;
			buildSettings = {
				ALWAYS_EMBED_SWIFT_STANDARD_LIBRARIES = YES;
				BUNDLE_LOADER = "$(TEST_HOST)";
				CODE_SIGN_STYLE = Automatic;
				CURRENT_PROJECT_VERSION = 1;
				GENERATE_INFOPLIST_FILE = YES;
				IPHONEOS_DEPLOYMENT_TARGET = 16.4;
				MARKETING_VERSION = 1.0;
				PRODUCT_BUNDLE_IDENTIFIER = "MobileApps.IP04-Magic8BallTests";
				PRODUCT_NAME = "$(TARGET_NAME)";
				SWIFT_EMIT_LOC_STRINGS = NO;
				SWIFT_VERSION = 5.0;
				TARGETED_DEVICE_FAMILY = "1,2";
				TEST_HOST = "$(BUILT_PRODUCTS_DIR)/IP04-Magic8Ball.app/$(BUNDLE_EXECUTABLE_FOLDER_PATH)/IP04-Magic8Ball";
			};
			name = Release;
		};
		BE0FD6FA2AC5CC7700F425C6 /* Debug */ = {
			isa = XCBuildConfiguration;
			buildSettings = {
				ALWAYS_EMBED_SWIFT_STANDARD_LIBRARIES = YES;
				CODE_SIGN_STYLE = Automatic;
				CURRENT_PROJECT_VERSION = 1;
				GENERATE_INFOPLIST_FILE = YES;
				MARKETING_VERSION = 1.0;
				PRODUCT_BUNDLE_IDENTIFIER = "MobileApps.IP04-Magic8BallUITests";
				PRODUCT_NAME = "$(TARGET_NAME)";
				SWIFT_EMIT_LOC_STRINGS = NO;
				SWIFT_VERSION = 5.0;
				TARGETED_DEVICE_FAMILY = "1,2";
				TEST_TARGET_NAME = "IP04-Magic8Ball";
			};
			name = Debug;
		};
		BE0FD6FB2AC5CC7700F425C6 /* Release */ = {
			isa = XCBuildConfiguration;
			buildSettings = {
				ALWAYS_EMBED_SWIFT_STANDARD_LIBRARIES = YES;
				CODE_SIGN_STYLE = Automatic;
				CURRENT_PROJECT_VERSION = 1;
				GENERATE_INFOPLIST_FILE = YES;
				MARKETING_VERSION = 1.0;
				PRODUCT_BUNDLE_IDENTIFIER = "MobileApps.IP04-Magic8BallUITests";
				PRODUCT_NAME = "$(TARGET_NAME)";
				SWIFT_EMIT_LOC_STRINGS = NO;
				SWIFT_VERSION = 5.0;
				TARGETED_DEVICE_FAMILY = "1,2";
				TEST_TARGET_NAME = "IP04-Magic8Ball";
			};
			name = Release;
		};
/* End XCBuildConfiguration section */

/* Begin XCConfigurationList section */
		BE0FD6C42AC5CC7600F425C6 /* Build configuration list for PBXProject "IP04-Magic8Ball" */ = {
			isa = XCConfigurationList;
			buildConfigurations = (
				BE0FD6F12AC5CC7700F425C6 /* Debug */,
				BE0FD6F22AC5CC7700F425C6 /* Release */,
			);
			defaultConfigurationIsVisible = 0;
			defaultConfigurationName = Release;
		};
		BE0FD6F32AC5CC7700F425C6 /* Build configuration list for PBXNativeTarget "IP04-Magic8Ball" */ = {
			isa = XCConfigurationList;
			buildConfigurations = (
				BE0FD6F42AC5CC7700F425C6 /* Debug */,
				BE0FD6F52AC5CC7700F425C6 /* Release */,
			);
			defaultConfigurationIsVisible = 0;
			defaultConfigurationName = Release;
		};
		BE0FD6F62AC5CC7700F425C6 /* Build configuration list for PBXNativeTarget "IP04-Magic8BallTests" */ = {
			isa = XCConfigurationList;
			buildConfigurations = (
				BE0FD6F72AC5CC7700F425C6 /* Debug */,
				BE0FD6F82AC5CC7700F425C6 /* Release */,
			);
			defaultConfigurationIsVisible = 0;
			defaultConfigurationName = Release;
		};
		BE0FD6F92AC5CC7700F425C6 /* Build configuration list for PBXNativeTarget "IP04-Magic8BallUITests" */ = {
			isa = XCConfigurationList;
			buildConfigurations = (
				BE0FD6FA2AC5CC7700F425C6 /* Debug */,
				BE0FD6FB2AC5CC7700F425C6 /* Release */,
			);
			defaultConfigurationIsVisible = 0;
			defaultConfigurationName = Release;
		};
/* End XCConfigurationList section */
	};
	rootObject = BE0FD6C12AC5CC7600F425C6 /* Project object */;
}
